{
  "nodes": {
    "flake-utils": {
      "inputs": {
        "systems": "systems"
      },
      "locked": {
        "lastModified": 1731533236,
        "narHash": "sha256-l0KFg5HjrsfsO/JpG+r7fRrqm12kzFHyUHqHCVpMMbI=",
        "owner": "numtide",
        "repo": "flake-utils",
        "rev": "11707dc2f618dd54ca8739b309ec4fc024de578b",
        "type": "github"
      },
      "original": {
        "owner": "numtide",
        "repo": "flake-utils",
        "type": "github"
      }
    },
    "nixpkgs": {
      "locked": {
        "lastModified": 1790533781,
        "narHash": "sha256-F+b8u43BVF5DlM0pz7JQSbtbwKy5PrHIT5zQUekXsD0=",
        "owner": "nixos",
        "repo": "nixpkgs",
        "rev": "cf5e76507c6e23b59f7e0ffcc7baa2a39ddd8442",
        "type": "github"
      },
      "original": {
        "owner": "nixos",
        "ref": "nixos-26.05",
        "repo": "nixpkgs",
        "type": "github"
      }
    },
    "qmk_firmware": {
      "flake": false,
      "locked": {
        "lastModified": 1790453542,
        "narHash": "sha256-r0mTiN5MgJM7KAcF5UE3Uuai80XjloeBigSJ7dV71UE=",
        "ref": "refs/heads/master",
        "rev": "b1aea2556040c28d58d611c8aef0082b5780bb6d",
        "revCount": 29682,
        "submodules": true,
        "type": "git",
        "url": "https://github.com/qmk/qmk_firmware.git"
      },
      "original": {
        "submodules": true,
        "type": "git",
        "url": "https://github.com/qmk/qmk_firmware.git"
      }
    },
    "qmkfmt": {
      "flake": false,
      "locked": {
        "lastModified": 1767046019,
        "narHash": "sha256-X2vXQqBUO+4H+sF+Tak6ksTE9Jv3o56fPImJhdH5x40=",
        "owner": "rcorre",
        "repo": "qmkfmt",
        "rev": "d856c624672a999c7dbbc198bed4793f597d6949",
        "type": "github"
      },
      "original": {
        "owner": "rcorre",
        "ref": "v0.3.0",
        "repo": "qmkfmt",
        "type": "github"
      }
    },
    "root": {
      "inputs": {
        "flake-utils": "flake-utils",
        "nixpkgs": "nixpkgs",
        "qmk_firmware": "qmk_firmware",
        "qmkfmt": "qmkfmt"
      }
    },
    "systems": {
      "locked": {
        "lastModified": 1681028828,
        "narHash": "sha256-Vy1rq5AaRuLzOxct8nz4T6wlgyUR7zLU309k9mBC768=",
        "owner": "nix-systems",
        "repo": "default",
        "rev": "da67096a3b9bf56a91d16901293e51ba5b49a27e",
        "type": "github"
      },
      "original": {
        "owner": "nix-systems",
        "repo": "default",
        "type": "github"
      }
    }
  },
  "root": "root",
  "version": 7
}
